// !$*UTF8*$!
{
	archiveVersion = 1;
	classes = {
	};
	objectVersion = 50;
	objects = {

/* Begin PBXBuildFile section */
		760A7E512358BB4C00AF60FB /* User.swift in Sources */ = {isa = PBXBuildFile; fileRef = 760A7E502358BB4C00AF60FB /* User.swift */; };
		760A7E532358C33A00AF60FB /* Offer.swift in Sources */ = {isa = PBXBuildFile; fileRef = 760A7E522358C33A00AF60FB /* Offer.swift */; };
		760A7E552358C3B600AF60FB /* Product.swift in Sources */ = {isa = PBXBuildFile; fileRef = 760A7E542358C3B600AF60FB /* Product.swift */; };
		76175FAD2374B7BD00FD8DE1 /* SignUpController.swift in Sources */ = {isa = PBXBuildFile; fileRef = 76175FAC2374B7BD00FD8DE1 /* SignUpController.swift */; };
		762DFF3A2360EF3E00BA0233 /* Role.swift in Sources */ = {isa = PBXBuildFile; fileRef = 762DFF392360EF3E00BA0233 /* Role.swift */; };
		764E03B0236B254100855691 /* HomeController.swift in Sources */ = {isa = PBXBuildFile; fileRef = 764E03AF236B254100855691 /* HomeController.swift */; };
		7670C45D237BFBAB004B8730 /* UserDefaults.helpers.swift in Sources */ = {isa = PBXBuildFile; fileRef = 7670C45C237BFBAB004B8730 /* UserDefaults.helpers.swift */; };
		76AA9BF8234E6C7700F1C83E /* Utils.swift in Sources */ = {isa = PBXBuildFile; fileRef = 76AA9BF7234E6C7700F1C83E /* Utils.swift */; };
		76AA9C02234E73CC00F1C83E /* ShoppingAssistantTests.swift in Sources */ = {isa = PBXBuildFile; fileRef = 76AA9C01234E73CC00F1C83E /* ShoppingAssistantTests.swift */; };
		76AB3A7D236B4D2800408C8D /* HighPerformanceButCostlyDatabase.swift in Sources */ = {isa = PBXBuildFile; fileRef = 76AB3A7C236B4D2800408C8D /* HighPerformanceButCostlyDatabase.swift */; };
		76F9122223453C30000600B9 /* AppDelegate.swift in Sources */ = {isa = PBXBuildFile; fileRef = 76F9122123453C30000600B9 /* AppDelegate.swift */; };
		76F9122423453C30000600B9 /* LoginController.swift in Sources */ = {isa = PBXBuildFile; fileRef = 76F9122323453C30000600B9 /* LoginController.swift */; };
		76F9122723453C30000600B9 /* Main.storyboard in Resources */ = {isa = PBXBuildFile; fileRef = 76F9122523453C30000600B9 /* Main.storyboard */; };
		76F9122923453C30000600B9 /* Assets.xcassets in Resources */ = {isa = PBXBuildFile; fileRef = 76F9122823453C30000600B9 /* Assets.xcassets */; };
		76F9122C23453C30000600B9 /* LaunchScreen.storyboard in Resources */ = {isa = PBXBuildFile; fileRef = 76F9122A23453C30000600B9 /* LaunchScreen.storyboard */; };
/* End PBXBuildFile section */

/* Begin PBXContainerItemProxy section */
		76AA9C04234E73CC00F1C83E /* PBXContainerItemProxy */ = {
			isa = PBXContainerItemProxy;
			containerPortal = 76F9121623453C30000600B9 /* Project object */;
			proxyType = 1;
			remoteGlobalIDString = 76F9121D23453C30000600B9;
			remoteInfo = ShoppingAssistant;
		};
/* End PBXContainerItemProxy section */

/* Begin PBXFileReference section */
		760A7E502358BB4C00AF60FB /* User.swift */ = {isa = PBXFileReference; lastKnownFileType = sourcecode.swift; path = User.swift; sourceTree = "<group>"; };
		760A7E522358C33A00AF60FB /* Offer.swift */ = {isa = PBXFileReference; lastKnownFileType = sourcecode.swift; path = Offer.swift; sourceTree = "<group>"; };
		760A7E542358C3B600AF60FB /* Product.swift */ = {isa = PBXFileReference; lastKnownFileType = sourcecode.swift; path = Product.swift; sourceTree = "<group>"; };
		76175FAC2374B7BD00FD8DE1 /* SignUpController.swift */ = {isa = PBXFileReference; lastKnownFileType = sourcecode.swift; path = SignUpController.swift; sourceTree = "<group>"; };
		762DFF392360EF3E00BA0233 /* Role.swift */ = {isa = PBXFileReference; lastKnownFileType = sourcecode.swift; path = Role.swift; sourceTree = "<group>"; };
		764E03AF236B254100855691 /* HomeController.swift */ = {isa = PBXFileReference; lastKnownFileType = sourcecode.swift; path = HomeController.swift; sourceTree = "<group>"; };
		7670C45C237BFBAB004B8730 /* UserDefaults.helpers.swift */ = {isa = PBXFileReference; lastKnownFileType = sourcecode.swift; path = UserDefaults.helpers.swift; sourceTree = "<group>"; };
		76AA9BF7234E6C7700F1C83E /* Utils.swift */ = {isa = PBXFileReference; lastKnownFileType = sourcecode.swift; path = Utils.swift; sourceTree = "<group>"; };
		76AA9BFF234E73CC00F1C83E /* ShoppingAssistantTests.xctest */ = {isa = PBXFileReference; explicitFileType = wrapper.cfbundle; includeInIndex = 0; path = ShoppingAssistantTests.xctest; sourceTree = BUILT_PRODUCTS_DIR; };
		76AA9C01234E73CC00F1C83E /* ShoppingAssistantTests.swift */ = {isa = PBXFileReference; lastKnownFileType = sourcecode.swift; path = ShoppingAssistantTests.swift; sourceTree = "<group>"; };
		76AA9C03234E73CC00F1C83E /* Info.plist */ = {isa = PBXFileReference; lastKnownFileType = text.plist.xml; path = Info.plist; sourceTree = "<group>"; };
		76AB3A7C236B4D2800408C8D /* HighPerformanceButCostlyDatabase.swift */ = {isa = PBXFileReference; lastKnownFileType = sourcecode.swift; path = HighPerformanceButCostlyDatabase.swift; sourceTree = "<group>"; };
		76F9121E23453C30000600B9 /* ShoppingAssistant.app */ = {isa = PBXFileReference; explicitFileType = wrapper.application; includeInIndex = 0; path = ShoppingAssistant.app; sourceTree = BUILT_PRODUCTS_DIR; };
		76F9122123453C30000600B9 /* AppDelegate.swift */ = {isa = PBXFileReference; lastKnownFileType = sourcecode.swift; path = AppDelegate.swift; sourceTree = "<group>"; };
		76F9122323453C30000600B9 /* LoginController.swift */ = {isa = PBXFileReference; lastKnownFileType = sourcecode.swift; path = LoginController.swift; sourceTree = "<group>"; };
		76F9122623453C30000600B9 /* Base */ = {isa = PBXFileReference; lastKnownFileType = file.storyboard; name = Base; path = Base.lproj/Main.storyboard; sourceTree = "<group>"; };
		76F9122823453C30000600B9 /* Assets.xcassets */ = {isa = PBXFileReference; lastKnownFileType = folder.assetcatalog; path = Assets.xcassets; sourceTree = "<group>"; };
		76F9122B23453C30000600B9 /* Base */ = {isa = PBXFileReference; lastKnownFileType = file.storyboard; name = Base; path = Base.lproj/LaunchScreen.storyboard; sourceTree = "<group>"; };
		76F9122D23453C30000600B9 /* Info.plist */ = {isa = PBXFileReference; lastKnownFileType = text.plist.xml; path = Info.plist; sourceTree = "<group>"; };
/* End PBXFileReference section */

/* Begin PBXFrameworksBuildPhase section */
		76AA9BFC234E73CC00F1C83E /* Frameworks */ = {
			isa = PBXFrameworksBuildPhase;
			buildActionMask = 2147483647;
			files = (
			);
			runOnlyForDeploymentPostprocessing = 0;
		};
		76F9121B23453C30000600B9 /* Frameworks */ = {
			isa = PBXFrameworksBuildPhase;
			buildActionMask = 2147483647;
			files = (
			);
			runOnlyForDeploymentPostprocessing = 0;
		};
/* End PBXFrameworksBuildPhase section */

/* Begin PBXGroup section */
		76AA9C00234E73CC00F1C83E /* ShoppingAssistantTests */ = {
			isa = PBXGroup;
			children = (
				76AA9C01234E73CC00F1C83E /* ShoppingAssistantTests.swift */,
				76AA9C03234E73CC00F1C83E /* Info.plist */,
			);
			path = ShoppingAssistantTests;
			sourceTree = "<group>";
		};
		76D6CC33236CD72E006D077A /* Entity */ = {
			isa = PBXGroup;
			children = (
				760A7E502358BB4C00AF60FB /* User.swift */,
				760A7E522358C33A00AF60FB /* Offer.swift */,
				760A7E542358C3B600AF60FB /* Product.swift */,
				762DFF392360EF3E00BA0233 /* Role.swift */,
			);
			path = Entity;
			sourceTree = "<group>";
		};
		76D6CC34236CD767006D077A /* Utils */ = {
			isa = PBXGroup;
			children = (
				76AA9BF7234E6C7700F1C83E /* Utils.swift */,
				7670C45C237BFBAB004B8730 /* UserDefaults.helpers.swift */,
			);
			path = Utils;
			sourceTree = "<group>";
		};
		76F9121523453C30000600B9 = {
			isa = PBXGroup;
			children = (
				76F9122023453C30000600B9 /* ShoppingAssistant */,
				76AA9C00234E73CC00F1C83E /* ShoppingAssistantTests */,
				76F9121F23453C30000600B9 /* Products */,
			);
			sourceTree = "<group>";
		};
		76F9121F23453C30000600B9 /* Products */ = {
			isa = PBXGroup;
			children = (
				76F9121E23453C30000600B9 /* ShoppingAssistant.app */,
				76AA9BFF234E73CC00F1C83E /* ShoppingAssistantTests.xctest */,
			);
			name = Products;
			sourceTree = "<group>";
		};
		76F9122023453C30000600B9 /* ShoppingAssistant */ = {
			isa = PBXGroup;
			children = (
				76D6CC34236CD767006D077A /* Utils */,
				76D6CC33236CD72E006D077A /* Entity */,
				76F9122123453C30000600B9 /* AppDelegate.swift */,
				76F9122323453C30000600B9 /* LoginController.swift */,
				76F9122523453C30000600B9 /* Main.storyboard */,
				76F9122823453C30000600B9 /* Assets.xcassets */,
				76F9122A23453C30000600B9 /* LaunchScreen.storyboard */,
				76F9122D23453C30000600B9 /* Info.plist */,
				764E03AF236B254100855691 /* HomeController.swift */,
				76AB3A7C236B4D2800408C8D /* HighPerformanceButCostlyDatabase.swift */,
				76175FAC2374B7BD00FD8DE1 /* SignUpController.swift */,
			);
			path = ShoppingAssistant;
			sourceTree = "<group>";
		};
/* End PBXGroup section */

/* Begin PBXNativeTarget section */
		76AA9BFE234E73CC00F1C83E /* ShoppingAssistantTests */ = {
			isa = PBXNativeTarget;
			buildConfigurationList = 76AA9C06234E73CC00F1C83E /* Build configuration list for PBXNativeTarget "ShoppingAssistantTests" */;
			buildPhases = (
				76AA9BFB234E73CC00F1C83E /* Sources */,
				76AA9BFC234E73CC00F1C83E /* Frameworks */,
				76AA9BFD234E73CC00F1C83E /* Resources */,
			);
			buildRules = (
			);
			dependencies = (
				76AA9C05234E73CC00F1C83E /* PBXTargetDependency */,
			);
			name = ShoppingAssistantTests;
			productName = ShoppingAssistantTests;
			productReference = 76AA9BFF234E73CC00F1C83E /* ShoppingAssistantTests.xctest */;
			productType = "com.apple.product-type.bundle.unit-test";
		};
		76F9121D23453C30000600B9 /* ShoppingAssistant */ = {
			isa = PBXNativeTarget;
			buildConfigurationList = 76F9123023453C30000600B9 /* Build configuration list for PBXNativeTarget "ShoppingAssistant" */;
			buildPhases = (
				76F9121A23453C30000600B9 /* Sources */,
				76F9121B23453C30000600B9 /* Frameworks */,
				76F9121C23453C30000600B9 /* Resources */,
			);
			buildRules = (
			);
			dependencies = (
			);
			name = ShoppingAssistant;
			productName = ShoppingAssistant;
			productReference = 76F9121E23453C30000600B9 /* ShoppingAssistant.app */;
			productType = "com.apple.product-type.application";
		};
/* End PBXNativeTarget section */

/* Begin PBXProject section */
		76F9121623453C30000600B9 /* Project object */ = {
			isa = PBXProject;
			attributes = {
				LastSwiftUpdateCheck = 1030;
				LastUpgradeCheck = 1030;
				ORGANIZATIONNAME = "Gaman Rares-Constantin";
				TargetAttributes = {
					76AA9BFE234E73CC00F1C83E = {
						CreatedOnToolsVersion = 10.3;
						TestTargetID = 76F9121D23453C30000600B9;
					};
					76F9121D23453C30000600B9 = {
						CreatedOnToolsVersion = 10.3;
					};
				};
			};
			buildConfigurationList = 76F9121923453C30000600B9 /* Build configuration list for PBXProject "ShoppingAssistant" */;
			compatibilityVersion = "Xcode 9.3";
			developmentRegion = en;
			hasScannedForEncodings = 0;
			knownRegions = (
				en,
				Base,
			);
			mainGroup = 76F9121523453C30000600B9;
			productRefGroup = 76F9121F23453C30000600B9 /* Products */;
			projectDirPath = "";
			projectRoot = "";
			targets = (
				76F9121D23453C30000600B9 /* ShoppingAssistant */,
				76AA9BFE234E73CC00F1C83E /* ShoppingAssistantTests */,
			);
		};
/* End PBXProject section */

/* Begin PBXResourcesBuildPhase section */
		76AA9BFD234E73CC00F1C83E /* Resources */ = {
			isa = PBXResourcesBuildPhase;
			buildActionMask = 2147483647;
			files = (
			);
			runOnlyForDeploymentPostprocessing = 0;
		};
		76F9121C23453C30000600B9 /* Resources */ = {
			isa = PBXResourcesBuildPhase;
			buildActionMask = 2147483647;
			files = (
				76F9122C23453C30000600B9 /* LaunchScreen.storyboard in Resources */,
				76F9122923453C30000600B9 /* Assets.xcassets in Resources */,
				76F9122723453C30000600B9 /* Main.storyboard in Resources */,
			);
			runOnlyForDeploymentPostprocessing = 0;
		};
/* End PBXResourcesBuildPhase section */

/* Begin PBXSourcesBuildPhase section */
		76AA9BFB234E73CC00F1C83E /* Sources */ = {
			isa = PBXSourcesBuildPhase;
			buildActionMask = 2147483647;
			files = (
				76AA9C02234E73CC00F1C83E /* ShoppingAssistantTests.swift in Sources */,
			);
			runOnlyForDeploymentPostprocessing = 0;
		};
		76F9121A23453C30000600B9 /* Sources */ = {
			isa = PBXSourcesBuildPhase;
			buildActionMask = 2147483647;
			files = (
				760A7E512358BB4C00AF60FB /* User.swift in Sources */,
				762DFF3A2360EF3E00BA0233 /* Role.swift in Sources */,
				76F9122423453C30000600B9 /* LoginController.swift in Sources */,
				76F9122223453C30000600B9 /* AppDelegate.swift in Sources */,
				764E03B0236B254100855691 /* HomeController.swift in Sources */,
				76175FAD2374B7BD00FD8DE1 /* SignUpController.swift in Sources */,
				7670C45D237BFBAB004B8730 /* UserDefaults.helpers.swift in Sources */,
				76AA9BF8234E6C7700F1C83E /* Utils.swift in Sources */,
				76AB3A7D236B4D2800408C8D /* HighPerformanceButCostlyDatabase.swift in Sources */,
				760A7E532358C33A00AF60FB /* Offer.swift in Sources */,
				760A7E552358C3B600AF60FB /* Product.swift in Sources */,
			);
			runOnlyForDeploymentPostprocessing = 0;
		};
/* End PBXSourcesBuildPhase section */

/* Begin PBXTargetDependency section */
		76AA9C05234E73CC00F1C83E /* PBXTargetDependency */ = {
			isa = PBXTargetDependency;
			target = 76F9121D23453C30000600B9 /* ShoppingAssistant */;
			targetProxy = 76AA9C04234E73CC00F1C83E /* PBXContainerItemProxy */;
		};
/* End PBXTargetDependency section */

/* Begin PBXVariantGroup section */
		76F9122523453C30000600B9 /* Main.storyboard */ = {
			isa = PBXVariantGroup;
			children = (
				76F9122623453C30000600B9 /* Base */,
			);
			name = Main.storyboard;
			sourceTree = "<group>";
		};
		76F9122A23453C30000600B9 /* LaunchScreen.storyboard */ = {
			isa = PBXVariantGroup;
			children = (
				76F9122B23453C30000600B9 /* Base */,
			);
			name = LaunchScreen.storyboard;
			sourceTree = "<group>";
		};
/* End PBXVariantGroup section */

/* Begin XCBuildConfiguration section */
		76AA9C07234E73CC00F1C83E /* Debug */ = {
			isa = XCBuildConfiguration;
			buildSettings = {
				BUNDLE_LOADER = "$(TEST_HOST)";
				CODE_SIGN_STYLE = Automatic;
				DEVELOPMENT_TEAM = 72HU5945Q4;
				INFOPLIST_FILE = ShoppingAssistantTests/Info.plist;
				LD_RUNPATH_SEARCH_PATHS = (
					"$(inherited)",
					"@executable_path/Frameworks",
					"@loader_path/Frameworks",
				);
				PRODUCT_BUNDLE_IDENTIFIER = MSA.ShoppingAssistantTests;
				PRODUCT_NAME = "$(TARGET_NAME)";
				SWIFT_VERSION = 5.0;
				TARGETED_DEVICE_FAMILY = "1,2";
				TEST_HOST = "$(BUILT_PRODUCTS_DIR)/ShoppingAssistant.app/ShoppingAssistant";
			};
			name = Debug;
		};
		76AA9C08234E73CC00F1C83E /* Release */ = {
			isa = XCBuildConfiguration;
			buildSettings = {
				BUNDLE_LOADER = "$(TEST_HOST)";
				CODE_SIGN_STYLE = Automatic;
				DEVELOPMENT_TEAM = 72HU5945Q4;
				INFOPLIST_FILE = ShoppingAssistantTests/Info.plist;
				LD_RUNPATH_SEARCH_PATHS = (
					"$(inherited)",
					"@executable_path/Frameworks",
					"@loader_path/Frameworks",
				);
				PRODUCT_BUNDLE_IDENTIFIER = MSA.ShoppingAssistantTests;
				PRODUCT_NAME = "$(TARGET_NAME)";
				SWIFT_VERSION = 5.0;
				TARGETED_DEVICE_FAMILY = "1,2";
				TEST_HOST = "$(BUILT_PRODUCTS_DIR)/ShoppingAssistant.app/ShoppingAssistant";
			};
			name = Release;
		};
		76F9122E23453C30000600B9 /* Debug */ = {
			isa = XCBuildConfiguration;
			buildSettings = {
				ALWAYS_SEARCH_USER_PATHS = NO;
				CLANG_ANALYZER_NONNULL = YES;
				CLANG_ANALYZER_NUMBER_OBJECT_CONVERSION = YES_AGGRESSIVE;
				CLANG_CXX_LANGUAGE_STANDARD = "gnu++14";
				CLANG_CXX_LIBRARY = "libc++";
				CLANG_ENABLE_MODULES = YES;
				CLANG_ENABLE_OBJC_ARC = YES;
				CLANG_ENABLE_OBJC_WEAK = YES;
				CLANG_WARN_BLOCK_CAPTURE_AUTORELEASING = YES;
				CLANG_WARN_BOOL_CONVERSION = YES;
				CLANG_WARN_COMMA = YES;
				CLANG_WARN_CONSTANT_CONVERSION = YES;
				CLANG_WARN_DEPRECATED_OBJC_IMPLEMENTATIONS = YES;
				CLANG_WARN_DIRECT_OBJC_ISA_USAGE = YES_ERROR;
				CLANG_WARN_DOCUMENTATION_COMMENTS = YES;
				CLANG_WARN_EMPTY_BODY = YES;
				CLANG_WARN_ENUM_CONVERSION = YES;
				CLANG_WARN_INFINITE_RECURSION = YES;
				CLANG_WARN_INT_CONVERSION = YES;
				CLANG_WARN_NON_LITERAL_NULL_CONVERSION = YES;
				CLANG_WARN_OBJC_IMPLICIT_RETAIN_SELF = YES;
				CLANG_WARN_OBJC_LITERAL_CONVERSION = YES;
				CLANG_WARN_OBJC_ROOT_CLASS = YES_ERROR;
				CLANG_WARN_RANGE_LOOP_ANALYSIS = YES;
				CLANG_WARN_STRICT_PROTOTYPES = YES;
				CLANG_WARN_SUSPICIOUS_MOVE = YES;
				CLANG_WARN_UNGUARDED_AVAILABILITY = YES_AGGRESSIVE;
				CLANG_WARN_UNREACHABLE_CODE = YES;
				CLANG_WARN__DUPLICATE_METHOD_MATCH = YES;
				CODE_SIGN_IDENTITY = "iPhone Developer";
				COPY_PHASE_STRIP = NO;
				DEBUG_INFORMATION_FORMAT = dwarf;
				ENABLE_STRICT_OBJC_MSGSEND = YES;
				ENABLE_TESTABILITY = YES;
				GCC_C_LANGUAGE_STANDARD = gnu11;
				GCC_DYNAMIC_NO_PIC = NO;
				GCC_NO_COMMON_BLOCKS = YES;
				GCC_OPTIMIZATION_LEVEL = 0;
				GCC_PREPROCESSOR_DEFINITIONS = (
					"DEBUG=1",
					"$(inherited)",
				);
				GCC_WARN_64_TO_32_BIT_CONVERSION = YES;
				GCC_WARN_ABOUT_RETURN_TYPE = YES_ERROR;
				GCC_WARN_UNDECLARED_SELECTOR = YES;
				GCC_WARN_UNINITIALIZED_AUTOS = YES_AGGRESSIVE;
				GCC_WARN_UNUSED_FUNCTION = YES;
				GCC_WARN_UNUSED_VARIABLE = YES;
				IPHONEOS_DEPLOYMENT_TARGET = 12.4;
				MTL_ENABLE_DEBUG_INFO = INCLUDE_SOURCE;
				MTL_FAST_MATH = YES;
				ONLY_ACTIVE_ARCH = YES;
				SDKROOT = iphoneos;
				SWIFT_ACTIVE_COMPILATION_CONDITIONS = DEBUG;
				SWIFT_OPTIMIZATION_LEVEL = "-Onone";
			};
			name = Debug;
		};
		76F9122F23453C30000600B9 /* Release */ = {
			isa = XCBuildConfiguration;
			buildSettings = {
				ALWAYS_SEARCH_USER_PATHS = NO;
				CLANG_ANALYZER_NONNULL = YES;
				CLANG_ANALYZER_NUMBER_OBJECT_CONVERSION = YES_AGGRESSIVE;
				CLANG_CXX_LANGUAGE_STANDARD = "gnu++14";
				CLANG_CXX_LIBRARY = "libc++";
				CLANG_ENABLE_MODULES = YES;
				CLANG_ENABLE_OBJC_ARC = YES;
				CLANG_ENABLE_OBJC_WEAK = YES;
				CLANG_WARN_BLOCK_CAPTURE_AUTORELEASING = YES;
				CLANG_WARN_BOOL_CONVERSION = YES;
				CLANG_WARN_COMMA = YES;
				CLANG_WARN_CONSTANT_CONVERSION = YES;
				CLANG_WARN_DEPRECATED_OBJC_IMPLEMENTATIONS = YES;
				CLANG_WARN_DIRECT_OBJC_ISA_USAGE = YES_ERROR;
				CLANG_WARN_DOCUMENTATION_COMMENTS = YES;
				CLANG_WARN_EMPTY_BODY = YES;
				CLANG_WARN_ENUM_CONVERSION = YES;
				CLANG_WARN_INFINITE_RECURSION = YES;
				CLANG_WARN_INT_CONVERSION = YES;
				CLANG_WARN_NON_LITERAL_NULL_CONVERSION = YES;
				CLANG_WARN_OBJC_IMPLICIT_RETAIN_SELF = YES;
				CLANG_WARN_OBJC_LITERAL_CONVERSION = YES;
				CLANG_WARN_OBJC_ROOT_CLASS = YES_ERROR;
				CLANG_WARN_RANGE_LOOP_ANALYSIS = YES;
				CLANG_WARN_STRICT_PROTOTYPES = YES;
				CLANG_WARN_SUSPICIOUS_MOVE = YES;
				CLANG_WARN_UNGUARDED_AVAILABILITY = YES_AGGRESSIVE;
				CLANG_WARN_UNREACHABLE_CODE = YES;
				CLANG_WARN__DUPLICATE_METHOD_MATCH = YES;
				CODE_SIGN_IDENTITY = "iPhone Developer";
				COPY_PHASE_STRIP = NO;
				DEBUG_INFORMATION_FORMAT = "dwarf-with-dsym";
				ENABLE_NS_ASSERTIONS = NO;
				ENABLE_STRICT_OBJC_MSGSEND = YES;
				GCC_C_LANGUAGE_STANDARD = gnu11;
				GCC_NO_COMMON_BLOCKS = YES;
				GCC_WARN_64_TO_32_BIT_CONVERSION = YES;
				GCC_WARN_ABOUT_RETURN_TYPE = YES_ERROR;
				GCC_WARN_UNDECLARED_SELECTOR = YES;
				GCC_WARN_UNINITIALIZED_AUTOS = YES_AGGRESSIVE;
				GCC_WARN_UNUSED_FUNCTION = YES;
				GCC_WARN_UNUSED_VARIABLE = YES;
				IPHONEOS_DEPLOYMENT_TARGET = 12.4;
				MTL_ENABLE_DEBUG_INFO = NO;
				MTL_FAST_MATH = YES;
				SDKROOT = iphoneos;
				SWIFT_COMPILATION_MODE = wholemodule;
				SWIFT_OPTIMIZATION_LEVEL = "-O";
				VALIDATE_PRODUCT = YES;
			};
			name = Release;
		};
		76F9123123453C30000600B9 /* Debug */ = {
			isa = XCBuildConfiguration;
			buildSettings = {
				ASSETCATALOG_COMPILER_APPICON_NAME = AppIcon;
				CODE_SIGN_STYLE = Automatic;
				DEVELOPMENT_TEAM = 72HU5945Q4;
				INFOPLIST_FILE = ShoppingAssistant/Info.plist;
				LD_RUNPATH_SEARCH_PATHS = (
					"$(inherited)",
					"@executable_path/Frameworks",
				);
				PRODUCT_BUNDLE_IDENTIFIER = MSA.ShoppingAssistant;
				PRODUCT_NAME = "$(TARGET_NAME)";
				SWIFT_VERSION = 5.0;
				TARGETED_DEVICE_FAMILY = "1,2";
			};
			name = Debug;
		};
		76F9123223453C30000600B9 /* Release */ = {
			isa = XCBuildConfiguration;
			buildSettings = {
				ASSETCATALOG_COMPILER_APPICON_NAME = AppIcon;
				CODE_SIGN_STYLE = Automatic;
				DEVELOPMENT_TEAM = 72HU5945Q4;
				INFOPLIST_FILE = ShoppingAssistant/Info.plist;
				LD_RUNPATH_SEARCH_PATHS = (
					"$(inherited)",
					"@executable_path/Frameworks",
				);
				PRODUCT_BUNDLE_IDENTIFIER = MSA.ShoppingAssistant;
				PRODUCT_NAME = "$(TARGET_NAME)";
				SWIFT_VERSION = 5.0;
				TARGETED_DEVICE_FAMILY = "1,2";
			};
			name = Release;
		};
/* End XCBuildConfiguration section */

/* Begin XCConfigurationList section */
		76AA9C06234E73CC00F1C83E /* Build configuration list for PBXNativeTarget "ShoppingAssistantTests" */ = {
			isa = XCConfigurationList;
			buildConfigurations = (
				76AA9C07234E73CC00F1C83E /* Debug */,
				76AA9C08234E73CC00F1C83E /* Release */,
			);
			defaultConfigurationIsVisible = 0;
			defaultConfigurationName = Release;
		};
		76F9121923453C30000600B9 /* Build configuration list for PBXProject "ShoppingAssistant" */ = {
			isa = XCConfigurationList;
			buildConfigurations = (
				76F9122E23453C30000600B9 /* Debug */,
				76F9122F23453C30000600B9 /* Release */,
			);
			defaultConfigurationIsVisible = 0;
			defaultConfigurationName = Release;
		};
		76F9123023453C30000600B9 /* Build configuration list for PBXNativeTarget "ShoppingAssistant" */ = {
			isa = XCConfigurationList;
			buildConfigurations = (
				76F9123123453C30000600B9 /* Debug */,
				76F9123223453C30000600B9 /* Release */,
			);
			defaultConfigurationIsVisible = 0;
			defaultConfigurationName = Release;
		};
/* End XCConfigurationList section */
	};
	rootObject = 76F9121623453C30000600B9 /* Project object */;
}
